
Microsoft Visual Studio Solution File, Format Version 12.00
# Visual Studio 14
VisualStudioVersion = 14.0.25420.1
MinimumVisualStudioVersion = 10.0.40219.1
Project("{FAE04EC0-301F-11D3-BF4B-00C04F79EFBC}") = "Servidor", "Servidor\Servidor.csproj", "{FB8B32C0-8B2D-40C5-9C3F-BA28BB227D91}"
EndProject
Global
	GlobalSection(SolutionConfigurationPlatforms) = preSolution
		Debug|Any CPU = Debug|Any CPU
		Release|Any CPU = Release|Any CPU
	EndGlobalSection
	GlobalSection(ProjectConfigurationPlatforms) = postSolution
		{FB8B32C0-8B2D-40C5-9C3F-BA28BB227D91}.Debug|Any CPU.ActiveCfg = Debug|Any CPU
		{FB8B32C0-8B2D-40C5-9C3F-BA28BB227D91}.Debug|Any CPU.Build.0 = Debug|Any CPU
		{FB8B32C0-8B2D-40C5-9C3F-BA28BB227D91}.Release|Any CPU.ActiveCfg = Release|Any CPU
		{FB8B32C0-8B2D-40C5-9C3F-BA28BB227D91}.Release|Any CPU.Build.0 = Release|Any CPU
	EndGlobalSection
	GlobalSection(SolutionProperties) = preSolution
		HideSolutionNode = FALSE
	EndGlobalSection
EndGlobal
